lockfileVersion: '9.0'

settings:
  autoInstallPeers: true
  excludeLinksFromLockfile: false

importers:

  .:
    dependencies:
      '@solanaturbine/poseidon':
        specifier: ^0.0.11
        version: 0.0.11

packages:

  '@solanaturbine/poseidon@0.0.11':
    resolution: {integrity: sha512-633lfrVIfZ+KNgsa2VCHC5x3KITryO5K+uVTHpuP4bhoNi4smINsFD8uwDCaVAt4uTY0WJO/GuYqFJ+kXMN7pA==}

snapshots:

  '@solanaturbine/poseidon@0.0.11': {}
