lockfileVersion: '9.0'

settings:
  autoInstallPeers: true
  excludeLinksFromLockfile: false

importers:

  .:
    dependencies:
      '@solanaturbine/poseidon':
        specifier: ^0.0.6
        version: 0.0.6

packages:

  '@solanaturbine/poseidon@0.0.6':
    resolution: {integrity: sha512-BhXss4c8+Gebj+pDZhZcvK12LM/2/O9iEr1mGCYbcUtKA81/H9ae5ePA1nZJHrHaiLURewXw08KdNf5bRfq1sQ==}

snapshots:

  '@solanaturbine/poseidon@0.0.6': {}
