lockfileVersion: '9.0'

settings:
  autoInstallPeers: true
  excludeLinksFromLockfile: false

importers:

  .:
    dependencies:
      '@solanaturbine/poseidon':
        specifier: ^0.0.4
        version: 0.0.4

packages:

  '@solanaturbine/poseidon@0.0.4':
    resolution: {integrity: sha512-VNQRtqobzBT+Wkh8fdPb0WVt12aIlgRJuGDxptclkphXi5w+VHUfMPcBshWSFPZg1nheXYgJABwvffYcyirw1g==}

snapshots:

  '@solanaturbine/poseidon@0.0.4': {}
