lockfileVersion: '9.0'

settings:
  autoInstallPeers: true
  excludeLinksFromLockfile: false

importers:

  .:
    dependencies:
      '@solanaturbine/poseidon':
        specifier: ^0.0.9
        version: 0.0.9

packages:

  '@solanaturbine/poseidon@0.0.9':
    resolution: {integrity: sha512-WH4klRUmLXpejXPBmLQ50nusj7tA/gDw87txLCWJIcVbwrj2Nart0YxzFxR1YZG4aR1WFj6xOunL8sIrLGvgyw==}

snapshots:

  '@solanaturbine/poseidon@0.0.9': {}
