lockfileVersion: '9.0'

settings:
  autoInstallPeers: true
  excludeLinksFromLockfile: false

importers:

  .:
    dependencies:
      '@solanaturbine/poseidon':
        specifier: ^0.0.8
        version: 0.0.8

packages:

  '@solanaturbine/poseidon@0.0.8':
    resolution: {integrity: sha512-/zlEU0OG8MhnlrFqd1Paq9XyPs22z4Xub7Fldh2wH3QaBmHTsTbtaF/tC1PjbCrLnk69FSGSC7kiFsccAWufsw==}

snapshots:

  '@solanaturbine/poseidon@0.0.8': {}
